
Microsoft Visual Studio Solution File, Format Version 12.00
# Visual Studio Version 16
VisualStudioVersion = 16.0.29424.173
MinimumVisualStudioVersion = 10.0.40219.1
Project("{9A19103F-16F7-4668-BE54-9A1E7A4F7556}") = "BotFramework", "BotFramework\BotFramework.csproj", "{D2891695-5B3E-4EA2-AAE6-9DF45A0E0F84}"
EndProject
Project("{FAE04EC0-301F-11D3-BF4B-00C04F79EFBC}") = "BotMama", "BotMama\BotMama.csproj", "{3DB07501-AE5C-49C2-926D-B7F164F4539F}"
EndProject
Project("{FAE04EC0-301F-11D3-BF4B-00C04F79EFBC}") = "BotTypes.cs", "..\BotTypes.cs\BotTypes.cs.csproj", "{D2FC3EDA-F45B-4793-97F9-D579A3C2367B}"
EndProject
Global
	GlobalSection(SolutionConfigurationPlatforms) = preSolution
		Debug|Any CPU = Debug|Any CPU
		Release|Any CPU = Release|Any CPU
	EndGlobalSection
	GlobalSection(ProjectConfigurationPlatforms) = postSolution
		{D2891695-5B3E-4EA2-AAE6-9DF45A0E0F84}.Debug|Any CPU.ActiveCfg = Debug|Any CPU
		{D2891695-5B3E-4EA2-AAE6-9DF45A0E0F84}.Debug|Any CPU.Build.0 = Debug|Any CPU
		{D2891695-5B3E-4EA2-AAE6-9DF45A0E0F84}.Release|Any CPU.ActiveCfg = Release|Any CPU
		{D2891695-5B3E-4EA2-AAE6-9DF45A0E0F84}.Release|Any CPU.Build.0 = Release|Any CPU
		{3DB07501-AE5C-49C2-926D-B7F164F4539F}.Debug|Any CPU.ActiveCfg = Debug|Any CPU
		{3DB07501-AE5C-49C2-926D-B7F164F4539F}.Debug|Any CPU.Build.0 = Debug|Any CPU
		{3DB07501-AE5C-49C2-926D-B7F164F4539F}.Release|Any CPU.ActiveCfg = Release|Any CPU
		{3DB07501-AE5C-49C2-926D-B7F164F4539F}.Release|Any CPU.Build.0 = Release|Any CPU
		{D2FC3EDA-F45B-4793-97F9-D579A3C2367B}.Debug|Any CPU.ActiveCfg = Debug|Any CPU
		{D2FC3EDA-F45B-4793-97F9-D579A3C2367B}.Debug|Any CPU.Build.0 = Debug|Any CPU
		{D2FC3EDA-F45B-4793-97F9-D579A3C2367B}.Release|Any CPU.ActiveCfg = Release|Any CPU
		{D2FC3EDA-F45B-4793-97F9-D579A3C2367B}.Release|Any CPU.Build.0 = Release|Any CPU
	EndGlobalSection
	GlobalSection(SolutionProperties) = preSolution
		HideSolutionNode = FALSE
	EndGlobalSection
	GlobalSection(ExtensibilityGlobals) = postSolution
		SolutionGuid = {D97F6906-677D-4B33-9C3D-EA91D5443026}
	EndGlobalSection
EndGlobal
