
Microsoft Visual Studio Solution File, Format Version 12.00
# Visual Studio Version 16
VisualStudioVersion = 16.0.29424.173
MinimumVisualStudioVersion = 10.0.40219.1
Project("{9A19103F-16F7-4668-BE54-9A1E7A4F7556}") = "BotFramework", "BotFramework\BotFramework.csproj", "{CFCAB9A8-2E06-4F92-9217-0050BD92405F}"
EndProject
Project("{9A19103F-16F7-4668-BE54-9A1E7A4F7556}") = "EchoBot", "BotFramework.Examples\EchoBot\EchoBot.csproj", "{D94297A4-E77B-4C57-812E-554F009E07AD}"
EndProject
Project("{9A19103F-16F7-4668-BE54-9A1E7A4F7556}") = "BotFramework.Tests", "BotFramework.Tests\BotFramework.Tests.csproj", "{1F86F2BB-F129-499F-94F1-F5FAD2527F90}"
EndProject
Project("{FAE04EC0-301F-11D3-BF4B-00C04F79EFBC}") = "EchoBot.Tests", "BotFramework.Examples\EchoBot.Tests\EchoBot.Tests.csproj", "{5BF6DE53-D1C3-4431-9A9D-119A4A605E1B}"
EndProject
Project("{2150E333-8FDC-42A3-9474-1A3956D46DE8}") = "Examples", "Examples", "{AC2E5BD8-DE22-4731-81A7-80416DF85E33}"
EndProject
Project("{FAE04EC0-301F-11D3-BF4B-00C04F79EFBC}") = "BotFramework.Identity", "BotFramework.Identity\BotFramework.Identity.csproj", "{7E853D52-8B16-4D99-A684-6CD09E6A05CD}"
EndProject
Project("{2150E333-8FDC-42A3-9474-1A3956D46DE8}") = "Identity", "Identity", "{3FFB42A9-9FE0-42D9-9056-1E5CD37879C9}"
EndProject
Project("{FAE04EC0-301F-11D3-BF4B-00C04F79EFBC}") = "BotFramework.Hosting", "BotFramework.Hosting\BotFramework.Hosting.csproj", "{45AD7666-D5C4-4F3C-B0FA-F2FC1E7EB002}"
EndProject
Project("{FAE04EC0-301F-11D3-BF4B-00C04F79EFBC}") = "BotFramework.Identity.Tests", "BotFramework.Identity.Tests\BotFramework.Identity.Tests.csproj", "{80365B83-27AC-4BC5-A93F-281FD5BC793A}"
EndProject
Global
	GlobalSection(SolutionConfigurationPlatforms) = preSolution
		Debug|Any CPU = Debug|Any CPU
		Release|Any CPU = Release|Any CPU
	EndGlobalSection
	GlobalSection(ProjectConfigurationPlatforms) = postSolution
		{CFCAB9A8-2E06-4F92-9217-0050BD92405F}.Debug|Any CPU.ActiveCfg = Debug|Any CPU
		{CFCAB9A8-2E06-4F92-9217-0050BD92405F}.Debug|Any CPU.Build.0 = Debug|Any CPU
		{CFCAB9A8-2E06-4F92-9217-0050BD92405F}.Release|Any CPU.ActiveCfg = Release|Any CPU
		{CFCAB9A8-2E06-4F92-9217-0050BD92405F}.Release|Any CPU.Build.0 = Release|Any CPU
		{D94297A4-E77B-4C57-812E-554F009E07AD}.Debug|Any CPU.ActiveCfg = Debug|Any CPU
		{D94297A4-E77B-4C57-812E-554F009E07AD}.Debug|Any CPU.Build.0 = Debug|Any CPU
		{D94297A4-E77B-4C57-812E-554F009E07AD}.Release|Any CPU.ActiveCfg = Release|Any CPU
		{D94297A4-E77B-4C57-812E-554F009E07AD}.Release|Any CPU.Build.0 = Release|Any CPU
		{1F86F2BB-F129-499F-94F1-F5FAD2527F90}.Debug|Any CPU.ActiveCfg = Debug|Any CPU
		{1F86F2BB-F129-499F-94F1-F5FAD2527F90}.Debug|Any CPU.Build.0 = Debug|Any CPU
		{1F86F2BB-F129-499F-94F1-F5FAD2527F90}.Release|Any CPU.ActiveCfg = Release|Any CPU
		{1F86F2BB-F129-499F-94F1-F5FAD2527F90}.Release|Any CPU.Build.0 = Release|Any CPU
		{5BF6DE53-D1C3-4431-9A9D-119A4A605E1B}.Debug|Any CPU.ActiveCfg = Debug|Any CPU
		{5BF6DE53-D1C3-4431-9A9D-119A4A605E1B}.Debug|Any CPU.Build.0 = Debug|Any CPU
		{5BF6DE53-D1C3-4431-9A9D-119A4A605E1B}.Release|Any CPU.ActiveCfg = Release|Any CPU
		{5BF6DE53-D1C3-4431-9A9D-119A4A605E1B}.Release|Any CPU.Build.0 = Release|Any CPU
		{7E853D52-8B16-4D99-A684-6CD09E6A05CD}.Debug|Any CPU.ActiveCfg = Debug|Any CPU
		{7E853D52-8B16-4D99-A684-6CD09E6A05CD}.Debug|Any CPU.Build.0 = Debug|Any CPU
		{7E853D52-8B16-4D99-A684-6CD09E6A05CD}.Release|Any CPU.ActiveCfg = Release|Any CPU
		{7E853D52-8B16-4D99-A684-6CD09E6A05CD}.Release|Any CPU.Build.0 = Release|Any CPU
		{45AD7666-D5C4-4F3C-B0FA-F2FC1E7EB002}.Debug|Any CPU.ActiveCfg = Debug|Any CPU
		{45AD7666-D5C4-4F3C-B0FA-F2FC1E7EB002}.Debug|Any CPU.Build.0 = Debug|Any CPU
		{45AD7666-D5C4-4F3C-B0FA-F2FC1E7EB002}.Release|Any CPU.ActiveCfg = Release|Any CPU
		{45AD7666-D5C4-4F3C-B0FA-F2FC1E7EB002}.Release|Any CPU.Build.0 = Release|Any CPU
		{80365B83-27AC-4BC5-A93F-281FD5BC793A}.Debug|Any CPU.ActiveCfg = Debug|Any CPU
		{80365B83-27AC-4BC5-A93F-281FD5BC793A}.Debug|Any CPU.Build.0 = Debug|Any CPU
		{80365B83-27AC-4BC5-A93F-281FD5BC793A}.Release|Any CPU.ActiveCfg = Release|Any CPU
		{80365B83-27AC-4BC5-A93F-281FD5BC793A}.Release|Any CPU.Build.0 = Release|Any CPU
	EndGlobalSection
	GlobalSection(SolutionProperties) = preSolution
		HideSolutionNode = FALSE
	EndGlobalSection
	GlobalSection(ExtensibilityGlobals) = postSolution
		SolutionGuid = {D97F6906-677D-4B33-9C3D-EA91D5443026}
	EndGlobalSection
	GlobalSection(AutomaticVersions) = postSolution
		UpdateAssemblyVersion = False
		UpdateAssemblyFileVersion = True
		UpdateAssemblyInfoVersion = True
		ShouldCreateLogs = True
		AssemblyFileVersionSettings = IncrementOnDemand.IncrementOnDemand.IncrementOnDemand.Increment
		UpdatePackageVersion = False
		AssemblyInfoVersionSemVerSettings = AssemblyFileVersion.IncrementOnce.Alpha
		AssemblyInfoVersionType = SemVer1
		InheritWinAppVersionFrom = None
	EndGlobalSection
	GlobalSection(NestedProjects) = preSolution
		{D94297A4-E77B-4C57-812E-554F009E07AD} = {AC2E5BD8-DE22-4731-81A7-80416DF85E33}
		{5BF6DE53-D1C3-4431-9A9D-119A4A605E1B} = {AC2E5BD8-DE22-4731-81A7-80416DF85E33}
		{7E853D52-8B16-4D99-A684-6CD09E6A05CD} = {3FFB42A9-9FE0-42D9-9056-1E5CD37879C9}
		{80365B83-27AC-4BC5-A93F-281FD5BC793A} = {3FFB42A9-9FE0-42D9-9056-1E5CD37879C9}
	EndGlobalSection
EndGlobal
