
Microsoft Visual Studio Solution File, Format Version 12.00
Project("{FAE04EC0-301F-11D3-BF4B-00C04F79EFBC}") = "Monads", "Monads.csproj", "{C23B22F9-7372-438B-9E64-5796F355889A}"
EndProject
Project("{FAE04EC0-301F-11D3-BF4B-00C04F79EFBC}") = "test", "test\test.csproj", "{76533F72-8CCC-42B7-B20E-810963F88103}"
EndProject
Global
	GlobalSection(SolutionConfigurationPlatforms) = preSolution
		Debug|Any CPU = Debug|Any CPU
		Release|Any CPU = Release|Any CPU
	EndGlobalSection
	GlobalSection(ProjectConfigurationPlatforms) = postSolution
		{C23B22F9-7372-438B-9E64-5796F355889A}.Debug|Any CPU.ActiveCfg = Debug|Any CPU
		{C23B22F9-7372-438B-9E64-5796F355889A}.Debug|Any CPU.Build.0 = Debug|Any CPU
		{C23B22F9-7372-438B-9E64-5796F355889A}.Release|Any CPU.ActiveCfg = Release|Any CPU
		{C23B22F9-7372-438B-9E64-5796F355889A}.Release|Any CPU.Build.0 = Release|Any CPU
		{76533F72-8CCC-42B7-B20E-810963F88103}.Debug|Any CPU.ActiveCfg = Debug|Any CPU
		{76533F72-8CCC-42B7-B20E-810963F88103}.Debug|Any CPU.Build.0 = Debug|Any CPU
		{76533F72-8CCC-42B7-B20E-810963F88103}.Release|Any CPU.ActiveCfg = Release|Any CPU
		{76533F72-8CCC-42B7-B20E-810963F88103}.Release|Any CPU.Build.0 = Release|Any CPU
	EndGlobalSection
EndGlobal
